
Microsoft Visual Studio Solution File, Format Version 12.00
# Visual Studio Version 17
VisualStudioVersion = 17.3.32804.467
MinimumVisualStudioVersion = 10.0.40219.1
Project("{9A19103F-16F7-4668-BE54-9A1E7A4F7556}") = "ETradeApi", "ETradeApi\ETradeApi.csproj", "{3211289B-628F-4D25-B7FB-FFD8EBA9B12B}"
EndProject
Project("{9A19103F-16F7-4668-BE54-9A1E7A4F7556}") = "Entities", "Entities\Entities.csproj", "{58EB46BB-C442-4154-AB7E-3BA0D15AFC20}"
EndProject
Project("{9A19103F-16F7-4668-BE54-9A1E7A4F7556}") = "Core", "Core\Core.csproj", "{640C1E98-2C24-4B55-8BEE-57643935D4DA}"
EndProject
Project("{9A19103F-16F7-4668-BE54-9A1E7A4F7556}") = "Repository", "Repository\Repository.csproj", "{64B67356-18B8-4D81-98C6-E41BA42A0F54}"
EndProject
Project("{9A19103F-16F7-4668-BE54-9A1E7A4F7556}") = "Business", "Business\Business.csproj", "{D5010CF9-41B1-43F3-B45D-F84E60EAC0BD}"
EndProject
Global
	GlobalSection(SolutionConfigurationPlatforms) = preSolution
		Debug|Any CPU = Debug|Any CPU
		Release|Any CPU = Release|Any CPU
	EndGlobalSection
	GlobalSection(ProjectConfigurationPlatforms) = postSolution
		{3211289B-628F-4D25-B7FB-FFD8EBA9B12B}.Debug|Any CPU.ActiveCfg = Debug|Any CPU
		{3211289B-628F-4D25-B7FB-FFD8EBA9B12B}.Debug|Any CPU.Build.0 = Debug|Any CPU
		{3211289B-628F-4D25-B7FB-FFD8EBA9B12B}.Release|Any CPU.ActiveCfg = Release|Any CPU
		{3211289B-628F-4D25-B7FB-FFD8EBA9B12B}.Release|Any CPU.Build.0 = Release|Any CPU
		{58EB46BB-C442-4154-AB7E-3BA0D15AFC20}.Debug|Any CPU.ActiveCfg = Debug|Any CPU
		{58EB46BB-C442-4154-AB7E-3BA0D15AFC20}.Debug|Any CPU.Build.0 = Debug|Any CPU
		{58EB46BB-C442-4154-AB7E-3BA0D15AFC20}.Release|Any CPU.ActiveCfg = Release|Any CPU
		{58EB46BB-C442-4154-AB7E-3BA0D15AFC20}.Release|Any CPU.Build.0 = Release|Any CPU
		{640C1E98-2C24-4B55-8BEE-57643935D4DA}.Debug|Any CPU.ActiveCfg = Debug|Any CPU
		{640C1E98-2C24-4B55-8BEE-57643935D4DA}.Debug|Any CPU.Build.0 = Debug|Any CPU
		{640C1E98-2C24-4B55-8BEE-57643935D4DA}.Release|Any CPU.ActiveCfg = Release|Any CPU
		{640C1E98-2C24-4B55-8BEE-57643935D4DA}.Release|Any CPU.Build.0 = Release|Any CPU
		{64B67356-18B8-4D81-98C6-E41BA42A0F54}.Debug|Any CPU.ActiveCfg = Debug|Any CPU
		{64B67356-18B8-4D81-98C6-E41BA42A0F54}.Debug|Any CPU.Build.0 = Debug|Any CPU
		{64B67356-18B8-4D81-98C6-E41BA42A0F54}.Release|Any CPU.ActiveCfg = Release|Any CPU
		{64B67356-18B8-4D81-98C6-E41BA42A0F54}.Release|Any CPU.Build.0 = Release|Any CPU
		{D5010CF9-41B1-43F3-B45D-F84E60EAC0BD}.Debug|Any CPU.ActiveCfg = Debug|Any CPU
		{D5010CF9-41B1-43F3-B45D-F84E60EAC0BD}.Debug|Any CPU.Build.0 = Debug|Any CPU
		{D5010CF9-41B1-43F3-B45D-F84E60EAC0BD}.Release|Any CPU.ActiveCfg = Release|Any CPU
		{D5010CF9-41B1-43F3-B45D-F84E60EAC0BD}.Release|Any CPU.Build.0 = Release|Any CPU
	EndGlobalSection
	GlobalSection(SolutionProperties) = preSolution
		HideSolutionNode = FALSE
	EndGlobalSection
	GlobalSection(ExtensibilityGlobals) = postSolution
		SolutionGuid = {1843789A-C5FE-4A45-8781-6234A77BB81D}
	EndGlobalSection
EndGlobal
